Microsoft Visual Studio Solution File, Format Version 12.00
# Visual Studio Version 17
VisualStudioVersion = 17.5.2.0
MinimumVisualStudioVersion = 10.0.40219.1
Project("{FAE04EC0-301F-11D3-BF4B-00C04F79EFBC}") = "CarmenArcanum", "CarmenArcanum.csproj", "{A119F67D-2E04-B0A6-468B-C2A5E2192843}"
EndProject
Global
	GlobalSection(SolutionConfigurationPlatforms) = preSolution
		Debug|Any CPU = Debug|Any CPU
		Release|Any CPU = Release|Any CPU
	EndGlobalSection
	GlobalSection(ProjectConfigurationPlatforms) = postSolution
		{A119F67D-2E04-B0A6-468B-C2A5E2192843}.Debug|Any CPU.ActiveCfg = Debug|Any CPU
		{A119F67D-2E04-B0A6-468B-C2A5E2192843}.Debug|Any CPU.Build.0 = Debug|Any CPU
		{A119F67D-2E04-B0A6-468B-C2A5E2192843}.Release|Any CPU.ActiveCfg = Release|Any CPU
		{A119F67D-2E04-B0A6-468B-C2A5E2192843}.Release|Any CPU.Build.0 = Release|Any CPU
	EndGlobalSection
	GlobalSection(SolutionProperties) = preSolution
		HideSolutionNode = FALSE
	EndGlobalSection
	GlobalSection(ExtensibilityGlobals) = postSolution
		SolutionGuid = {C0C6D010-D8FA-4520-A06C-7CD5C8F6FE94}
	EndGlobalSection
EndGlobal
